
Microsoft Visual Studio Solution File, Format Version 12.00
# Visual Studio Version 16
VisualStudioVersion = 16.0.28803.202
MinimumVisualStudioVersion = 10.0.40219.1
Project("{FAE04EC0-301F-11D3-BF4B-00C04F79EFBC}") = "Scal.SpecialImageTools", "Scal.SpecialImageTools\Scal.SpecialImageTools.csproj", "{BFBAA552-DAA1-4C50-99E3-A1993D5A30F4}"
EndProject
Project("{FAE04EC0-301F-11D3-BF4B-00C04F79EFBC}") = "Scal.MugenCodeGenerator", "Scal.MugenCodeGenerator\Scal.MugenCodeGenerator.csproj", "{5894243D-5142-4DE9-99FC-0BA56A77D776}"
EndProject
Project("{FAE04EC0-301F-11D3-BF4B-00C04F79EFBC}") = "Scal.SpecialImageTools.UnitTest", "Scal.SpecialImageTools.UnitTest\Scal.SpecialImageTools.UnitTest.csproj", "{72DA98FD-635C-4E35-B626-04F69935A9BC}"
EndProject
Global
	GlobalSection(SolutionConfigurationPlatforms) = preSolution
		Debug|Any CPU = Debug|Any CPU
		Release|Any CPU = Release|Any CPU
	EndGlobalSection
	GlobalSection(ProjectConfigurationPlatforms) = postSolution
		{BFBAA552-DAA1-4C50-99E3-A1993D5A30F4}.Debug|Any CPU.ActiveCfg = Debug|Any CPU
		{BFBAA552-DAA1-4C50-99E3-A1993D5A30F4}.Debug|Any CPU.Build.0 = Debug|Any CPU
		{BFBAA552-DAA1-4C50-99E3-A1993D5A30F4}.Release|Any CPU.ActiveCfg = Release|Any CPU
		{BFBAA552-DAA1-4C50-99E3-A1993D5A30F4}.Release|Any CPU.Build.0 = Release|Any CPU
		{5894243D-5142-4DE9-99FC-0BA56A77D776}.Debug|Any CPU.ActiveCfg = Debug|Any CPU
		{5894243D-5142-4DE9-99FC-0BA56A77D776}.Debug|Any CPU.Build.0 = Debug|Any CPU
		{5894243D-5142-4DE9-99FC-0BA56A77D776}.Release|Any CPU.ActiveCfg = Release|Any CPU
		{5894243D-5142-4DE9-99FC-0BA56A77D776}.Release|Any CPU.Build.0 = Release|Any CPU
		{72DA98FD-635C-4E35-B626-04F69935A9BC}.Debug|Any CPU.ActiveCfg = Debug|Any CPU
		{72DA98FD-635C-4E35-B626-04F69935A9BC}.Debug|Any CPU.Build.0 = Debug|Any CPU
		{72DA98FD-635C-4E35-B626-04F69935A9BC}.Release|Any CPU.ActiveCfg = Release|Any CPU
		{72DA98FD-635C-4E35-B626-04F69935A9BC}.Release|Any CPU.Build.0 = Release|Any CPU
	EndGlobalSection
	GlobalSection(SolutionProperties) = preSolution
		HideSolutionNode = FALSE
	EndGlobalSection
	GlobalSection(ExtensibilityGlobals) = postSolution
		SolutionGuid = {3068C47F-4768-4DDB-AD68-F17389D74A94}
	EndGlobalSection
EndGlobal
